
Microsoft Visual Studio Solution File, Format Version 12.00
# Visual Studio Version 17
VisualStudioVersion = 17.14.36616.10 d17.14
MinimumVisualStudioVersion = 10.0.40219.1
Project("{FAE04EC0-301F-11D3-BF4B-00C04F79EFBC}") = "backend", "backend.csproj", "{94FDD7BE-2D66-4A26-B441-50502CB3C6FF}"
EndProject
Global
	GlobalSection(SolutionConfigurationPlatforms) = preSolution
		Debug|Any CPU = Debug|Any CPU
		Release|Any CPU = Release|Any CPU
	EndGlobalSection
	GlobalSection(ProjectConfigurationPlatforms) = postSolution
		{94FDD7BE-2D66-4A26-B441-50502CB3C6FF}.Debug|Any CPU.ActiveCfg = Debug|Any CPU
		{94FDD7BE-2D66-4A26-B441-50502CB3C6FF}.Debug|Any CPU.Build.0 = Debug|Any CPU
		{94FDD7BE-2D66-4A26-B441-50502CB3C6FF}.Release|Any CPU.ActiveCfg = Release|Any CPU
		{94FDD7BE-2D66-4A26-B441-50502CB3C6FF}.Release|Any CPU.Build.0 = Release|Any CPU
	EndGlobalSection
	GlobalSection(SolutionProperties) = preSolution
		HideSolutionNode = FALSE
	EndGlobalSection
	GlobalSection(ExtensibilityGlobals) = postSolution
		SolutionGuid = {8714B7EB-504F-4F2D-86BE-DD493166DABD}
	EndGlobalSection
EndGlobal
